# This file is automatically @generated by Poetry 2.3.2 and should not be changed by hand.

[[package]]
name = "altgraph"
version = "0.17.5"
description = "Python graph (network) package"
optional = false
python-versions = "*"
groups = ["dev"]
files = [
    {file = "altgraph-0.17.5-py2.py3-none-any.whl", hash = "sha256:f3a22400bce1b0c701683820ac4f3b159cd301acab067c51c653e06961600597"},
    {file = "altgraph-0.17.5.tar.gz", hash = "sha256:c87b395dd12fabde9c99573a9749d67da8d29ef9de0125c7f536699b4a9bc9e7"},
]

[[package]]
name = "macholib"
version = "1.16.4"
description = "Mach-O header analysis and editing"
optional = false
python-versions = "*"
groups = ["dev"]
markers = "sys_platform == \"darwin\""
files = [
    {file = "macholib-1.16.4-py2.py3-none-any.whl", hash = "sha256:da1a3fa8266e30f0ce7e97c6a54eefaae8edd1e5f86f3eb8b95457cae90265ea"},
    {file = "macholib-1.16.4.tar.gz", hash = "sha256:f408c93ab2e995cd2c46e34fe328b130404be143469e41bc366c807448979362"},
]

[package.dependencies]
altgraph = ">=0.17"

[[package]]
name = "packaging"
version = "26.2"
description = "Core utilities for Python packages"
optional = false
python-versions = ">=3.8"
groups = ["dev"]
files = [
    {file = "packaging-26.2-py3-none-any.whl", hash = "sha256:5fc45236b9446107ff2415ce77c807cee2862cb6fac22b8a73826d0693b0980e"},
    {file = "packaging-26.2.tar.gz", hash = "sha256:ff452ff5a3e828ce110190feff1178bb1f2ea2281fa2075aadb987c2fb221661"},
]

[[package]]
name = "pefile"
version = "2024.8.26"
description = "Python PE parsing module"
optional = false
python-versions = ">=3.6.0"
groups = ["dev"]
markers = "sys_platform == \"win32\""
files = [
    {file = "pefile-2024.8.26-py3-none-any.whl", hash = "sha256:76f8b485dcd3b1bb8166f1128d395fa3d87af26360c2358fb75b80019b957c6f"},
    {file = "pefile-2024.8.26.tar.gz", hash = "sha256:3ff6c5d8b43e8c37bb6e6dd5085658d658a7a0bdcd20b6a07b1fcfc1c4e9d632"},
]

[[package]]
name = "pyinstaller"
version = "6.20.0"
description = "PyInstaller bundles a Python application and all its dependencies into a single package."
optional = false
python-versions = "<3.15,>=3.8"
groups = ["dev"]
files = [
    {file = "pyinstaller-6.20.0-py3-none-macosx_10_13_universal2.whl", hash = "sha256:bf3be4e1284ee78ddccba5e29f99443a12a7b4673168288ffc4c9d38c6f7b90e"},
    {file = "pyinstaller-6.20.0-py3-none-manylinux2014_aarch64.whl", hash = "sha256:72ae9c1fdea134afa791f58bdc9a1934d5c7609753c111e0026bfc272b32b712"},
    {file = "pyinstaller-6.20.0-py3-none-manylinux2014_i686.whl", hash = "sha256:1031bcc307f3fbeffd4e162723e64d46dbf591c82dd0997413afb2a07328b941"},
    {file = "pyinstaller-6.20.0-py3-none-manylinux2014_ppc64le.whl", hash = "sha256:8df3b3f347659fa2562d8d193a98ad4600133b8b8d07c268df89e4154376750e"},
    {file = "pyinstaller-6.20.0-py3-none-manylinux2014_s390x.whl", hash = "sha256:b0d3cc9dd8120d448459bd3880a12e2f9774c51443af49047801446377999a59"},
    {file = "pyinstaller-6.20.0-py3-none-manylinux2014_x86_64.whl", hash = "sha256:03696bb6350177c6bc23bcaf78e71a33c4a89b6754dd90d1be2f318e978c918b"},
    {file = "pyinstaller-6.20.0-py3-none-musllinux_1_1_aarch64.whl", hash = "sha256:6357f1699f6af84f37e7367f031d4f68abdba65543b83990c9e8f5a4cebed0b7"},
    {file = "pyinstaller-6.20.0-py3-none-musllinux_1_1_x86_64.whl", hash = "sha256:0ab39c690abad26ba148e8f664f0478acc82a733997f4f22e757774832802da9"},
    {file = "pyinstaller-6.20.0-py3-none-win32.whl", hash = "sha256:9a7637e8e44b4387b13667fdcaac86ab6b29c446c16d34d8401539b81838759c"},
    {file = "pyinstaller-6.20.0-py3-none-win_amd64.whl", hash = "sha256:d588844e890ee80c4365867f98146636e1849bbca8e4284bbf0c809aff0f161a"},
    {file = "pyinstaller-6.20.0-py3-none-win_arm64.whl", hash = "sha256:bd53282c0a73e5c95573e1ddc8e5d564d4932bec91efbaed4dc5fdff9c2ae7f2"},
    {file = "pyinstaller-6.20.0.tar.gz", hash = "sha256:95c5c7e03d5d61e9dfb8ef259c699cf492bb1041beb6dbe83696608cec07347a"},
]

[package.dependencies]
altgraph = "*"
macholib = {version = ">=1.8", markers = "sys_platform == \"darwin\""}
packaging = ">=22.0"
pefile = {version = ">=2022.5.30", markers = "sys_platform == \"win32\""}
pyinstaller-hooks-contrib = ">=2026.4"
pywin32-ctypes = {version = ">=0.2.1", markers = "sys_platform == \"win32\""}
setuptools = ">=42.0.0"

[package.extras]
completion = ["argcomplete"]
hook-testing = ["execnet (>=1.5.0)", "psutil", "pytest (>=2.7.3)"]

[[package]]
name = "pyinstaller-hooks-contrib"
version = "2026.6"
description = "Community maintained hooks for PyInstaller"
optional = false
python-versions = ">=3.8"
groups = ["dev"]
files = [
    {file = "pyinstaller_hooks_contrib-2026.6-py3-none-any.whl", hash = "sha256:fd13b8ac126b35361175edacd41a0d97080b75dd5f4b594ecefefff969509dd3"},
    {file = "pyinstaller_hooks_contrib-2026.6.tar.gz", hash = "sha256:bef5002c32f4f50bd55b005da12cff64eca8783e7eaf86a06a62410164bab725"},
]

[package.dependencies]
packaging = ">=22.0"

[[package]]
name = "pyodbc"
version = "5.2.0"
description = "DB API module for ODBC"
optional = false
python-versions = ">=3.8"
groups = ["main"]
files = [
    {file = "pyodbc-5.2.0-cp310-cp310-macosx_10_9_x86_64.whl", hash = "sha256:eb0850e3e3782f57457feed297e220bb20c3e8fd7550d7a6b6bb96112bd9b6fe"},
    {file = "pyodbc-5.2.0-cp310-cp310-macosx_11_0_arm64.whl", hash = "sha256:0dae0fb86078c87acf135dbe5afd3c7d15d52ab0db5965c44159e84058c3e2fb"},
    {file = "pyodbc-5.2.0-cp310-cp310-manylinux_2_17_aarch64.manylinux2014_aarch64.whl", hash = "sha256:6493b9c7506ca964b80ad638d0dc82869df7058255d71f04fdd1405e88bcb36b"},
    {file = "pyodbc-5.2.0-cp310-cp310-manylinux_2_17_x86_64.manylinux2014_x86_64.whl", hash = "sha256:e04de873607fb960e71953c164c83e8e5d9291ce0d69e688e54947b254b04902"},
    {file = "pyodbc-5.2.0-cp310-cp310-win32.whl", hash = "sha256:74135cb10c1dcdbd99fe429c61539c232140e62939fa7c69b0a373cc552e4a08"},
    {file = "pyodbc-5.2.0-cp310-cp310-win_amd64.whl", hash = "sha256:d287121eeaa562b9ab3d4c52fa77c793dfedd127049273eb882a05d3d67a8ce8"},
    {file = "pyodbc-5.2.0-cp311-cp311-macosx_10_9_x86_64.whl", hash = "sha256:4627779f0a608b51ce2d2fe6d1d395384e65ca36248bf9dbb6d7cf2c8fda1cab"},
    {file = "pyodbc-5.2.0-cp311-cp311-macosx_11_0_arm64.whl", hash = "sha256:4d997d3b6551273647825c734158ca8a6f682df269f6b3975f2499c01577ddec"},
    {file = "pyodbc-5.2.0-cp311-cp311-manylinux_2_17_aarch64.manylinux2014_aarch64.whl", hash = "sha256:5102007a8c78dd2fc1c1b6f6147de8cfc020f81013e4b46c33e66aaa7d1bf7b1"},
    {file = "pyodbc-5.2.0-cp311-cp311-manylinux_2_17_x86_64.manylinux2014_x86_64.whl", hash = "sha256:7e3cbc7075a46c411b531ada557c4aef13d034060a70077717124cabc1717e2d"},
    {file = "pyodbc-5.2.0-cp311-cp311-win32.whl", hash = "sha256:de1ee7ec2eb326b7be5e2c4ce20d472c5ef1a6eb838d126d1d26779ff5486e49"},
    {file = "pyodbc-5.2.0-cp311-cp311-win_amd64.whl", hash = "sha256:113f904b9852c12f10c7a3288f5a3563ecdbbefe3ccc829074a9eb8255edcd29"},
    {file = "pyodbc-5.2.0-cp312-cp312-macosx_10_13_x86_64.whl", hash = "sha256:be43d1ece4f2cf4d430996689d89a1a15aeb3a8da8262527e5ced5aee27e89c3"},
    {file = "pyodbc-5.2.0-cp312-cp312-macosx_11_0_arm64.whl", hash = "sha256:9f7badd0055221a744d76c11440c0856fd2846ed53b6555cf8f0a8893a3e4b03"},
    {file = "pyodbc-5.2.0-cp312-cp312-manylinux_2_17_aarch64.manylinux2014_aarch64.whl", hash = "sha256:ad633c52f4f4e7691daaa2278d6e6ebb2fe4ae7709e610e22c7dd1a1d620cf8b"},
    {file = "pyodbc-5.2.0-cp312-cp312-manylinux_2_17_x86_64.manylinux2014_x86_64.whl", hash = "sha256:97d086a8f7a302b74c9c2e77bedf954a603b19168af900d4d3a97322e773df63"},
    {file = "pyodbc-5.2.0-cp312-cp312-win32.whl", hash = "sha256:0e4412f8e608db2a4be5bcc75f9581f386ed6a427dbcb5eac795049ba6fc205e"},
    {file = "pyodbc-5.2.0-cp312-cp312-win_amd64.whl", hash = "sha256:b1f5686b142759c5b2bdbeaa0692622c2ebb1f10780eb3c174b85f5607fbcf55"},
    {file = "pyodbc-5.2.0-cp313-cp313-macosx_10_13_x86_64.whl", hash = "sha256:26844d780045bbc3514d5c2f0d89e7fda7df7db0bd24292eb6902046f5730885"},
    {file = "pyodbc-5.2.0-cp313-cp313-macosx_11_0_arm64.whl", hash = "sha256:26d2d8fd53b71204c755abc53b0379df4e23fd9a40faf211e1cb87e8a32470f0"},
    {file = "pyodbc-5.2.0-cp313-cp313-manylinux_2_17_aarch64.manylinux2014_aarch64.whl", hash = "sha256:a27996b6d27e275dfb5fe8a34087ba1cacadfd1439e636874ef675faea5149d9"},
    {file = "pyodbc-5.2.0-cp313-cp313-manylinux_2_17_x86_64.manylinux2014_x86_64.whl", hash = "sha256:eaf42c4bd323b8fd01f1cd900cca2d09232155f9b8f0b9bcd0be66763588ce64"},
    {file = "pyodbc-5.2.0-cp313-cp313-win32.whl", hash = "sha256:207f16b7e9bf09c591616429ebf2b47127e879aad21167ac15158910dc9bbcda"},
    {file = "pyodbc-5.2.0-cp313-cp313-win_amd64.whl", hash = "sha256:96d3127f28c0dacf18da7ae009cd48eac532d3dcc718a334b86a3c65f6a5ef5c"},
    {file = "pyodbc-5.2.0-cp38-cp38-macosx_10_9_x86_64.whl", hash = "sha256:770e1ac2e7bdf31439bf1d57a1d34ae37d6151216367e8e3f6cdc275006c8bb0"},
    {file = "pyodbc-5.2.0-cp38-cp38-macosx_11_0_arm64.whl", hash = "sha256:4fde753fcea625bfaed36edae34c2fba15bf0b5d0ea27474ee038ef47b684d1d"},
    {file = "pyodbc-5.2.0-cp38-cp38-manylinux_2_17_aarch64.manylinux2014_aarch64.whl", hash = "sha256:d57843b9792994f9e73b91667da6452a4f2d7caaa2499598783eb972c4b6eb93"},
    {file = "pyodbc-5.2.0-cp38-cp38-manylinux_2_17_x86_64.manylinux2014_x86_64.whl", hash = "sha256:f1f38adc47d36af392475cd4aaae0f35652fdc9e8364bf155810fe1be591336f"},
    {file = "pyodbc-5.2.0-cp38-cp38-win32.whl", hash = "sha256:dc5342d1d09466f9e76e3979551f9205a01ff0ea78b02d2d889171e8c3c4fb9c"},
    {file = "pyodbc-5.2.0-cp38-cp38-win_amd64.whl", hash = "sha256:2b5323be83fedc79a6d1e1b96e67bdc368c1d3f1562b8f8184b735acdd749ae9"},
    {file = "pyodbc-5.2.0-cp39-cp39-macosx_10_9_x86_64.whl", hash = "sha256:9e8f4ee2c523bbe85124540ffad62a3b62ae481f012e390ef93e0602b6302e5e"},
    {file = "pyodbc-5.2.0-cp39-cp39-macosx_11_0_arm64.whl", hash = "sha256:057b8ede91b21d9f0ef58210d1ca1aad704e641ca68ac6b02f109d86b61d7402"},
    {file = "pyodbc-5.2.0-cp39-cp39-manylinux_2_17_aarch64.manylinux2014_aarch64.whl", hash = "sha256:5f0ecbc7067467df95c9b8bd38fb2682c4a13a3402d77dccaddf1e145cea8cc0"},
    {file = "pyodbc-5.2.0-cp39-cp39-manylinux_2_17_x86_64.manylinux2014_x86_64.whl", hash = "sha256:26b7f8324fa01c09fe4843ad8adb0b131299ef263a1fb9e63830c9cd1d5c45e4"},
    {file = "pyodbc-5.2.0-cp39-cp39-win32.whl", hash = "sha256:600ef6f562f609f5612ffaa8a93827249150aa3030c867937c87b24a1608967e"},
    {file = "pyodbc-5.2.0-cp39-cp39-win_amd64.whl", hash = "sha256:b77556349746fb90416a48bd114cd7323f7e2559a4b263dada935f9b406ba59b"},
    {file = "pyodbc-5.2.0.tar.gz", hash = "sha256:de8be39809c8ddeeee26a4b876a6463529cd487a60d1393eb2a93e9bcd44a8f5"},
]

[[package]]
name = "python-dotenv"
version = "1.1.1"
description = "Read key-value pairs from a .env file and set them as environment variables"
optional = false
python-versions = ">=3.9"
groups = ["main"]
files = [
    {file = "python_dotenv-1.1.1-py3-none-any.whl", hash = "sha256:31f23644fe2602f88ff55e1f5c79ba497e01224ee7737937930c448e4d0e24dc"},
    {file = "python_dotenv-1.1.1.tar.gz", hash = "sha256:a8a6399716257f45be6a007360200409fce5cda2661e3dec71d23dc15f6189ab"},
]

[package.extras]
cli = ["click (>=5.0)"]

[[package]]
name = "pywin32-ctypes"
version = "0.2.3"
description = "A (partial) reimplementation of pywin32 using ctypes/cffi"
optional = false
python-versions = ">=3.6"
groups = ["dev"]
markers = "sys_platform == \"win32\""
files = [
    {file = "pywin32-ctypes-0.2.3.tar.gz", hash = "sha256:d162dc04946d704503b2edc4d55f3dba5c1d539ead017afa00142c38b9885755"},
    {file = "pywin32_ctypes-0.2.3-py3-none-any.whl", hash = "sha256:8a1513379d709975552d202d942d9837758905c8d01eb82b8bcc30918929e7b8"},
]

[[package]]
name = "setuptools"
version = "82.0.1"
description = "Most extensible Python build backend with support for C/C++ extension modules"
optional = false
python-versions = ">=3.9"
groups = ["dev"]
files = [
    {file = "setuptools-82.0.1-py3-none-any.whl", hash = "sha256:a59e362652f08dcd477c78bb6e7bd9d80a7995bc73ce773050228a348ce2e5bb"},
    {file = "setuptools-82.0.1.tar.gz", hash = "sha256:7d872682c5d01cfde07da7bccc7b65469d3dca203318515ada1de5eda35efbf9"},
]

[package.extras]
check = ["pytest-checkdocs (>=2.4)", "pytest-ruff (>=0.2.1) ; sys_platform != \"cygwin\"", "ruff (>=0.13.0) ; sys_platform != \"cygwin\""]
core = ["importlib_metadata (>=6) ; python_version < \"3.10\"", "jaraco.functools (>=4)", "jaraco.text (>=3.7)", "more_itertools", "more_itertools (>=8.8)", "packaging (>=24.2)", "tomli (>=2.0.1) ; python_version < \"3.11\"", "wheel (>=0.43.0)"]
cover = ["pytest-cov"]
doc = ["furo", "jaraco.packaging (>=9.3)", "jaraco.tidelift (>=1.4)", "pygments-github-lexers (==0.0.5)", "pyproject-hooks (!=1.1)", "rst.linker (>=1.9)", "sphinx (>=3.5)", "sphinx-favicon", "sphinx-inline-tabs", "sphinx-lint", "sphinx-notfound-page (>=1,<2)", "sphinx-reredirects", "sphinxcontrib-towncrier", "towncrier (<24.7)"]
enabler = ["pytest-enabler (>=2.2)"]
test = ["build[virtualenv] (>=1.0.3)", "filelock (>=3.4.0)", "ini2toml[lite] (>=0.14)", "jaraco.develop (>=7.21) ; python_version >= \"3.9\" and sys_platform != \"cygwin\"", "jaraco.envs (>=2.2)", "jaraco.path (>=3.7.2)", "jaraco.test (>=5.5)", "packaging (>=24.2)", "pip (>=19.1)", "pyproject-hooks (!=1.1)", "pytest (>=6,!=8.1.*)", "pytest-home (>=0.5)", "pytest-perf ; sys_platform != \"cygwin\"", "pytest-subprocess", "pytest-timeout", "pytest-xdist (>=3)", "tomli-w (>=1.0.0)", "virtualenv (>=13.0.0)", "wheel (>=0.44.0)"]
type = ["importlib_metadata (>=7.0.2) ; python_version < \"3.10\"", "jaraco.develop (>=7.21) ; sys_platform != \"cygwin\"", "mypy (==1.18.*)", "pytest-mypy"]

[metadata]
lock-version = "2.1"
python-versions = ">=3.12,<3.15"
content-hash = "2e410be55c538581506b951a1f6aa9245c16c1b56315da1bce3aad238a3636cb"
